
Microsoft Visual Studio Solution File, Format Version 12.00
# Visual Studio Version 17
VisualStudioVersion = 17.2.32526.322
MinimumVisualStudioVersion = 10.0.40219.1
Project("{FAE04EC0-301F-11D3-BF4B-00C04F79EFBC}") = "SelfHostAspNetCore.WinForms", "SelfHostAspNetCore.WinForms\SelfHostAspNetCore.WinForms.csproj", "{FDBF9ADE-2D99-4F44-8B40-97B6AAB9EF10}"
EndProject
Global
	GlobalSection(SolutionConfigurationPlatforms) = preSolution
		Debug|Any CPU = Debug|Any CPU
		Release|Any CPU = Release|Any CPU
	EndGlobalSection
	GlobalSection(ProjectConfigurationPlatforms) = postSolution
		{FDBF9ADE-2D99-4F44-8B40-97B6AAB9EF10}.Debug|Any CPU.ActiveCfg = Debug|Any CPU
		{FDBF9ADE-2D99-4F44-8B40-97B6AAB9EF10}.Debug|Any CPU.Build.0 = Debug|Any CPU
		{FDBF9ADE-2D99-4F44-8B40-97B6AAB9EF10}.Release|Any CPU.ActiveCfg = Release|Any CPU
		{FDBF9ADE-2D99-4F44-8B40-97B6AAB9EF10}.Release|Any CPU.Build.0 = Release|Any CPU
	EndGlobalSection
	GlobalSection(SolutionProperties) = preSolution
		HideSolutionNode = FALSE
	EndGlobalSection
	GlobalSection(ExtensibilityGlobals) = postSolution
		SolutionGuid = {8D9F317C-A4E7-46E1-BFA7-FACBEFD303AF}
	EndGlobalSection
EndGlobal
